
Microsoft Visual Studio Solution File, Format Version 12.00
# Visual Studio 15
VisualStudioVersion = 15.0.28307.438
MinimumVisualStudioVersion = 10.0.40219.1
Project("{FAE04EC0-301F-11D3-BF4B-00C04F79EFBC}") = "TestApp", "TestApp\TestApp.csproj", "{6F3091FF-E749-451E-8DF2-2E27FA2E5A99}"
EndProject
Global
	GlobalSection(SolutionConfigurationPlatforms) = preSolution
		Debug|Any CPU = Debug|Any CPU
		Release|Any CPU = Release|Any CPU
	EndGlobalSection
	GlobalSection(ProjectConfigurationPlatforms) = postSolution
		{6F3091FF-E749-451E-8DF2-2E27FA2E5A99}.Debug|Any CPU.ActiveCfg = Debug|Any CPU
		{6F3091FF-E749-451E-8DF2-2E27FA2E5A99}.Debug|Any CPU.Build.0 = Debug|Any CPU
		{6F3091FF-E749-451E-8DF2-2E27FA2E5A99}.Release|Any CPU.ActiveCfg = Release|Any CPU
		{6F3091FF-E749-451E-8DF2-2E27FA2E5A99}.Release|Any CPU.Build.0 = Release|Any CPU
	EndGlobalSection
	GlobalSection(SolutionProperties) = preSolution
		HideSolutionNode = FALSE
	EndGlobalSection
	GlobalSection(ExtensibilityGlobals) = postSolution
		SolutionGuid = {BECCF962-32B4-4F77-A910-CF5568CC94E3}
	EndGlobalSection
EndGlobal
